
Microsoft Visual Studio Solution File, Format Version 12.00
# Visual Studio 15
VisualStudioVersion = 15.0.28307.421
MinimumVisualStudioVersion = 10.0.40219.1
Project("{FAE04EC0-301F-11D3-BF4B-00C04F79EFBC}") = "HseApi", "HseApi\HseApi.csproj", "{EFDFBC8A-E97D-4347-A4EC-40DA701260C0}"
EndProject
Global
	GlobalSection(SolutionConfigurationPlatforms) = preSolution
		Debug|Any CPU = Debug|Any CPU
		Release|Any CPU = Release|Any CPU
	EndGlobalSection
	GlobalSection(ProjectConfigurationPlatforms) = postSolution
		{EFDFBC8A-E97D-4347-A4EC-40DA701260C0}.Debug|Any CPU.ActiveCfg = Debug|Any CPU
		{EFDFBC8A-E97D-4347-A4EC-40DA701260C0}.Debug|Any CPU.Build.0 = Debug|Any CPU
		{EFDFBC8A-E97D-4347-A4EC-40DA701260C0}.Release|Any CPU.ActiveCfg = Release|Any CPU
		{EFDFBC8A-E97D-4347-A4EC-40DA701260C0}.Release|Any CPU.Build.0 = Release|Any CPU
	EndGlobalSection
	GlobalSection(SolutionProperties) = preSolution
		HideSolutionNode = FALSE
	EndGlobalSection
	GlobalSection(ExtensibilityGlobals) = postSolution
		SolutionGuid = {DB88FBC5-0409-4E0A-ACC5-A9C7F95B4F51}
	EndGlobalSection
EndGlobal
